// !$*UTF8*$!
{
	archiveVersion = 1;
	classes = {
	};
	objectVersion = 46;
	objects = {

/* Begin PBXBuildFile section */
		9F84C5651BF912C9006DFCF5 /* main.m in Sources */ = {isa = PBXBuildFile; fileRef = 9F84C5641BF912C9006DFCF5 /* main.m */; };
		9F84C5681BF912C9006DFCF5 /* AppDelegate.m in Sources */ = {isa = PBXBuildFile; fileRef = 9F84C5671BF912C9006DFCF5 /* AppDelegate.m */; };
		9F84C56B1BF912C9006DFCF5 /* ViewController.m in Sources */ = {isa = PBXBuildFile; fileRef = 9F84C56A1BF912C9006DFCF5 /* ViewController.m */; };
		9F84C56E1BF912C9006DFCF5 /* Main.storyboard in Resources */ = {isa = PBXBuildFile; fileRef = 9F84C56C1BF912C9006DFCF5 /* Main.storyboard */; };
		9F84C5701BF912C9006DFCF5 /* Assets.xcassets in Resources */ = {isa = PBXBuildFile; fileRef = 9F84C56F1BF912C9006DFCF5 /* Assets.xcassets */; };
		9F84C5731BF912C9006DFCF5 /* LaunchScreen.storyboard in Resources */ = {isa = PBXBuildFile; fileRef = 9F84C5711BF912C9006DFCF5 /* LaunchScreen.storyboard */; };
/* End PBXBuildFile section */

/* Begin PBXFileReference section */
		9F84C5601BF912C9006DFCF5 /* iDrop.app */ = {isa = PBXFileReference; explicitFileType = wrapper.application; includeInIndex = 0; path = iDrop.app; sourceTree = BUILT_PRODUCTS_DIR; };
		9F84C5641BF912C9006DFCF5 /* main.m */ = {isa = PBXFileReference; lastKnownFileType = sourcecode.c.objc; path = main.m; sourceTree = "<group>"; };
		9F84C5661BF912C9006DFCF5 /* AppDelegate.h */ = {isa = PBXFileReference; lastKnownFileType = sourcecode.c.h; path = AppDelegate.h; sourceTree = "<group>"; };
		9F84C5671BF912C9006DFCF5 /* AppDelegate.m */ = {isa = PBXFileReference; lastKnownFileType = sourcecode.c.objc; path = AppDelegate.m; sourceTree = "<group>"; };
		9F84C5691BF912C9006DFCF5 /* ViewController.h */ = {isa = PBXFileReference; lastKnownFileType = sourcecode.c.h; path = ViewController.h; sourceTree = "<group>"; };
		9F84C56A1BF912C9006DFCF5 /* ViewController.m */ = {isa = PBXFileReference; lastKnownFileType = sourcecode.c.objc; path = ViewController.m; sourceTree = "<group>"; };
		9F84C56D1BF912C9006DFCF5 /* Base */ = {isa = PBXFileReference; lastKnownFileType = file.storyboard; name = Base; path = Base.lproj/Main.storyboard; sourceTree = "<group>"; };
		9F84C56F1BF912C9006DFCF5 /* Assets.xcassets */ = {isa = PBXFileReference; lastKnownFileType = folder.assetcatalog; path = Assets.xcassets; sourceTree = "<group>"; };
		9F84C5721BF912C9006DFCF5 /* Base */ = {isa = PBXFileReference; lastKnownFileType = file.storyboard; name = Base; path = Base.lproj/LaunchScreen.storyboard; sourceTree = "<group>"; };
		9F84C5741BF912C9006DFCF5 /* Info.plist */ = {isa = PBXFileReference; lastKnownFileType = text.plist.xml; path = Info.plist; sourceTree = "<group>"; };
/* End PBXFileReference section */

/* Begin PBXFrameworksBuildPhase section */
		9F84C55D1BF912C9006DFCF5 /* Frameworks */ = {
			isa = PBXFrameworksBuildPhase;
			buildActionMask = 2147483647;
			files = (
			);
			runOnlyForDeploymentPostprocessing = 0;
		};
/* End PBXFrameworksBuildPhase section */

/* Begin PBXGroup section */
		9F84C5571BF912C9006DFCF5 = {
			isa = PBXGroup;
			children = (
				9F84C5621BF912C9006DFCF5 /* iDrop */,
				9F84C5611BF912C9006DFCF5 /* Products */,
			);
			sourceTree = "<group>";
		};
		9F84C5611BF912C9006DFCF5 /* Products */ = {
			isa = PBXGroup;
			children = (
				9F84C5601BF912C9006DFCF5 /* iDrop.app */,
			);
			name = Products;
			sourceTree = "<group>";
		};
		9F84C5621BF912C9006DFCF5 /* iDrop */ = {
			isa = PBXGroup;
			children = (
				9F84C5661BF912C9006DFCF5 /* AppDelegate.h */,
				9F84C5671BF912C9006DFCF5 /* AppDelegate.m */,
				9F84C5691BF912C9006DFCF5 /* ViewController.h */,
				9F84C56A1BF912C9006DFCF5 /* ViewController.m */,
				9F84C56C1BF912C9006DFCF5 /* Main.storyboard */,
				9F84C56F1BF912C9006DFCF5 /* Assets.xcassets */,
				9F84C5711BF912C9006DFCF5 /* LaunchScreen.storyboard */,
				9F84C5741BF912C9006DFCF5 /* Info.plist */,
				9F84C5631BF912C9006DFCF5 /* Supporting Files */,
			);
			path = iDrop;
			sourceTree = "<group>";
		};
		9F84C5631BF912C9006DFCF5 /* Supporting Files */ = {
			isa = PBXGroup;
			children = (
				9F84C5641BF912C9006DFCF5 /* main.m */,
			);
			name = "Supporting Files";
			sourceTree = "<group>";
		};
/* End PBXGroup section */

/* Begin PBXNativeTarget section */
		9F84C55F1BF912C9006DFCF5 /* iDrop */ = {
			isa = PBXNativeTarget;
			buildConfigurationList = 9F84C5771BF912C9006DFCF5 /* Build configuration list for PBXNativeTarget "iDrop" */;
			buildPhases = (
				9F84C55C1BF912C9006DFCF5 /* Sources */,
				9F84C55D1BF912C9006DFCF5 /* Frameworks */,
				9F84C55E1BF912C9006DFCF5 /* Resources */,
			);
			buildRules = (
			);
			dependencies = (
			);
			name = iDrop;
			productName = iDrop;
			productReference = 9F84C5601BF912C9006DFCF5 /* iDrop.app */;
			productType = "com.apple.product-type.application";
		};
/* End PBXNativeTarget section */

/* Begin PBXProject section */
		9F84C5581BF912C9006DFCF5 /* Project object */ = {
			isa = PBXProject;
			attributes = {
				LastUpgradeCheck = 0710;
				ORGANIZATIONNAME = Naranbayar;
				TargetAttributes = {
					9F84C55F1BF912C9006DFCF5 = {
						CreatedOnToolsVersion = 7.1;
					};
				};
			};
			buildConfigurationList = 9F84C55B1BF912C9006DFCF5 /* Build configuration list for PBXProject "iDrop" */;
			compatibilityVersion = "Xcode 3.2";
			developmentRegion = English;
			hasScannedForEncodings = 0;
			knownRegions = (
				en,
				Base,
			);
			mainGroup = 9F84C5571BF912C9006DFCF5;
			productRefGroup = 9F84C5611BF912C9006DFCF5 /* Products */;
			projectDirPath = "";
			projectRoot = "";
			targets = (
				9F84C55F1BF912C9006DFCF5 /* iDrop */,
			);
		};
/* End PBXProject section */

/* Begin PBXResourcesBuildPhase section */
		9F84C55E1BF912C9006DFCF5 /* Resources */ = {
			isa = PBXResourcesBuildPhase;
			buildActionMask = 2147483647;
			files = (
				9F84C5731BF912C9006DFCF5 /* LaunchScreen.storyboard in Resources */,
				9F84C5701BF912C9006DFCF5 /* Assets.xcassets in Resources */,
				9F84C56E1BF912C9006DFCF5 /* Main.storyboard in Resources */,
			);
			runOnlyForDeploymentPostprocessing = 0;
		};
/* End PBXResourcesBuildPhase section */

/* Begin PBXSourcesBuildPhase section */
		9F84C55C1BF912C9006DFCF5 /* Sources */ = {
			isa = PBXSourcesBuildPhase;
			buildActionMask = 2147483647;
			files = (
				9F84C56B1BF912C9006DFCF5 /* ViewController.m in Sources */,
				9F84C5681BF912C9006DFCF5 /* AppDelegate.m in Sources */,
				9F84C5651BF912C9006DFCF5 /* main.m in Sources */,
			);
			runOnlyForDeploymentPostprocessing = 0;
		};
/* End PBXSourcesBuildPhase section */

/* Begin PBXVariantGroup section */
		9F84C56C1BF912C9006DFCF5 /* Main.storyboard */ = {
			isa = PBXVariantGroup;
			children = (
				9F84C56D1BF912C9006DFCF5 /* Base */,
			);
			name = Main.storyboard;
			sourceTree = "<group>";
		};
		9F84C5711BF912C9006DFCF5 /* LaunchScreen.storyboard */ = {
			isa = PBXVariantGroup;
			children = (
				9F84C5721BF912C9006DFCF5 /* Base */,
			);
			name = LaunchScreen.storyboard;
			sourceTree = "<group>";
		};
/* End PBXVariantGroup section */

/* Begin XCBuildConfiguration section */
		9F84C5751BF912C9006DFCF5 /* Debug */ = {
			isa = XCBuildConfiguration;
			buildSettings = {
				ALWAYS_SEARCH_USER_PATHS = NO;
				CLANG_CXX_LANGUAGE_STANDARD = "gnu++0x";
				CLANG_CXX_LIBRARY = "libc++";
				CLANG_ENABLE_MODULES = YES;
				CLANG_ENABLE_OBJC_ARC = YES;
				CLANG_WARN_BOOL_CONVERSION = YES;
				CLANG_WARN_CONSTANT_CONVERSION = YES;
				CLANG_WARN_DIRECT_OBJC_ISA_USAGE = YES_ERROR;
				CLANG_WARN_EMPTY_BODY = YES;
				CLANG_WARN_ENUM_CONVERSION = YES;
				CLANG_WARN_INT_CONVERSION = YES;
				CLANG_WARN_OBJC_ROOT_CLASS = YES_ERROR;
				CLANG_WARN_UNREACHABLE_CODE = YES;
				CLANG_WARN__DUPLICATE_METHOD_MATCH = YES;
				"CODE_SIGN_IDENTITY[sdk=iphoneos*]" = "iPhone Developer";
				COPY_PHASE_STRIP = NO;
				DEBUG_INFORMATION_FORMAT = dwarf;
				ENABLE_STRICT_OBJC_MSGSEND = YES;
				ENABLE_TESTABILITY = YES;
				GCC_C_LANGUAGE_STANDARD = gnu99;
				GCC_DYNAMIC_NO_PIC = NO;
				GCC_NO_COMMON_BLOCKS = YES;
				GCC_OPTIMIZATION_LEVEL = 0;
				GCC_PREPROCESSOR_DEFINITIONS = (
					"DEBUG=1",
					"$(inherited)",
				);
				GCC_WARN_64_TO_32_BIT_CONVERSION = YES;
				GCC_WARN_ABOUT_RETURN_TYPE = YES_ERROR;
				GCC_WARN_UNDECLARED_SELECTOR = YES;
				GCC_WARN_UNINITIALIZED_AUTOS = YES_AGGRESSIVE;
				GCC_WARN_UNUSED_FUNCTION = YES;
				GCC_WARN_UNUSED_VARIABLE = YES;
				IPHONEOS_DEPLOYMENT_TARGET = 9.1;
				MTL_ENABLE_DEBUG_INFO = YES;
				ONLY_ACTIVE_ARCH = YES;
				SDKROOT = iphoneos;
			};
			name = Debug;
		};
		9F84C5761BF912C9006DFCF5 /* Release */ = {
			isa = XCBuildConfiguration;
			buildSettings = {
				ALWAYS_SEARCH_USER_PATHS = NO;
				CLANG_CXX_LANGUAGE_STANDARD = "gnu++0x";
				CLANG_CXX_LIBRARY = "libc++";
				CLANG_ENABLE_MODULES = YES;
				CLANG_ENABLE_OBJC_ARC = YES;
				CLANG_WARN_BOOL_CONVERSION = YES;
				CLANG_WARN_CONSTANT_CONVERSION = YES;
				CLANG_WARN_DIRECT_OBJC_ISA_USAGE = YES_ERROR;
				CLANG_WARN_EMPTY_BODY = YES;
				CLANG_WARN_ENUM_CONVERSION = YES;
				CLANG_WARN_INT_CONVERSION = YES;
				CLANG_WARN_OBJC_ROOT_CLASS = YES_ERROR;
				CLANG_WARN_UNREACHABLE_CODE = YES;
				CLANG_WARN__DUPLICATE_METHOD_MATCH = YES;
				"CODE_SIGN_IDENTITY[sdk=iphoneos*]" = "iPhone Developer";
				COPY_PHASE_STRIP = NO;
				DEBUG_INFORMATION_FORMAT = "dwarf-with-dsym";
				ENABLE_NS_ASSERTIONS = NO;
				ENABLE_STRICT_OBJC_MSGSEND = YES;
				GCC_C_LANGUAGE_STANDARD = gnu99;
				GCC_NO_COMMON_BLOCKS = YES;
				GCC_WARN_64_TO_32_BIT_CONVERSION = YES;
				GCC_WARN_ABOUT_RETURN_TYPE = YES_ERROR;
				GCC_WARN_UNDECLARED_SELECTOR = YES;
				GCC_WARN_UNINITIALIZED_AUTOS = YES_AGGRESSIVE;
				GCC_WARN_UNUSED_FUNCTION = YES;
				GCC_WARN_UNUSED_VARIABLE = YES;
				IPHONEOS_DEPLOYMENT_TARGET = 9.1;
				MTL_ENABLE_DEBUG_INFO = NO;
				SDKROOT = iphoneos;
				VALIDATE_PRODUCT = YES;
			};
			name = Release;
		};
		9F84C5781BF912C9006DFCF5 /* Debug */ = {
			isa = XCBuildConfiguration;
			buildSettings = {
				ASSETCATALOG_COMPILER_APPICON_NAME = AppIcon;
				INFOPLIST_FILE = iDrop/Info.plist;
				LD_RUNPATH_SEARCH_PATHS = "$(inherited) @executable_path/Frameworks";
				PRODUCT_BUNDLE_IDENTIFIER = idrop.topsoft.mn.iDrop;
				PRODUCT_NAME = "$(TARGET_NAME)";
			};
			name = Debug;
		};
		9F84C5791BF912C9006DFCF5 /* Release */ = {
			isa = XCBuildConfiguration;
			buildSettings = {
				ASSETCATALOG_COMPILER_APPICON_NAME = AppIcon;
				INFOPLIST_FILE = iDrop/Info.plist;
				LD_RUNPATH_SEARCH_PATHS = "$(inherited) @executable_path/Frameworks";
				PRODUCT_BUNDLE_IDENTIFIER = idrop.topsoft.mn.iDrop;
				PRODUCT_NAME = "$(TARGET_NAME)";
			};
			name = Release;
		};
/* End XCBuildConfiguration section */

/* Begin XCConfigurationList section */
		9F84C55B1BF912C9006DFCF5 /* Build configuration list for PBXProject "iDrop" */ = {
			isa = XCConfigurationList;
			buildConfigurations = (
				9F84C5751BF912C9006DFCF5 /* Debug */,
				9F84C5761BF912C9006DFCF5 /* Release */,
			);
			defaultConfigurationIsVisible = 0;
			defaultConfigurationName = Release;
		};
		9F84C5771BF912C9006DFCF5 /* Build configuration list for PBXNativeTarget "iDrop" */ = {
			isa = XCConfigurationList;
			buildConfigurations = (
				9F84C5781BF912C9006DFCF5 /* Debug */,
				9F84C5791BF912C9006DFCF5 /* Release */,
			);
			defaultConfigurationIsVisible = 0;
		};
/* End XCConfigurationList section */
	};
	rootObject = 9F84C5581BF912C9006DFCF5 /* Project object */;
}
